
Microsoft Visual Studio Solution File, Format Version 12.00
# Visual Studio Version 17
VisualStudioVersion = 17.7.34031.279
MinimumVisualStudioVersion = 10.0.40219.1
Project("{FAE04EC0-301F-11D3-BF4B-00C04F79EFBC}") = "CalculadoraLogicaDeIgualdad", "CalculadoraLogicaDeIgualdad.csproj", "{287F6929-8261-48C5-8662-E3178D758959}"
EndProject
Global
	GlobalSection(SolutionConfigurationPlatforms) = preSolution
		Debug|Any CPU = Debug|Any CPU
		Release|Any CPU = Release|Any CPU
	EndGlobalSection
	GlobalSection(ProjectConfigurationPlatforms) = postSolution
		{287F6929-8261-48C5-8662-E3178D758959}.Debug|Any CPU.ActiveCfg = Debug|Any CPU
		{287F6929-8261-48C5-8662-E3178D758959}.Debug|Any CPU.Build.0 = Debug|Any CPU
		{287F6929-8261-48C5-8662-E3178D758959}.Release|Any CPU.ActiveCfg = Release|Any CPU
		{287F6929-8261-48C5-8662-E3178D758959}.Release|Any CPU.Build.0 = Release|Any CPU
	EndGlobalSection
	GlobalSection(SolutionProperties) = preSolution
		HideSolutionNode = FALSE
	EndGlobalSection
	GlobalSection(ExtensibilityGlobals) = postSolution
		SolutionGuid = {F869759E-6707-4B0E-808F-1D2C3BF3C887}
	EndGlobalSection
EndGlobal
